
Microsoft Visual Studio Solution File, Format Version 12.00
# Visual Studio Version 17
VisualStudioVersion = 17.5.33530.505
MinimumVisualStudioVersion = 10.0.40219.1
Project("{8BC9CEB8-8B4A-11D0-8D11-00A0C91BC942}") = "Client", "Source\Client\Client.vcxproj", "{7D356427-88A1-47CE-8376-C28EE4840E9D}"
EndProject
Project("{8BC9CEB8-8B4A-11D0-8D11-00A0C91BC942}") = "Logger", "Source\Logger\Logger.vcxproj", "{138DC4B5-BE3D-413C-A4A2-4B3B2194B88D}"
EndProject
Project("{8BC9CEB8-8B4A-11D0-8D11-00A0C91BC942}") = "Tests", "Source\Tests\Tests.vcxproj", "{9AD0BA79-ED9E-488F-B305-588F9FAD9171}"
EndProject
Project("{8BC9CEB8-8B4A-11D0-8D11-00A0C91BC942}") = "Server", "Source\Server\Server.vcxproj", "{42286939-3F7A-41D9-8F48-053C0E111DA8}"
EndProject
Project("{8BC9CEB8-8B4A-11D0-8D11-00A0C91BC942}") = "ServerClientCore", "Source\ServerClientCore\ServerClientCore.vcxproj", "{0C3226A8-47DC-4BCE-A7A6-0F0509D65B7C}"
EndProject
Project("{8BC9CEB8-8B4A-11D0-8D11-00A0C91BC942}") = "ServerAPI", "Source\ServerAPI\ServerAPI.vcxproj", "{857F05F1-DB3C-4175-B33B-14F3F9C567E1}"
EndProject
Project("{8BC9CEB8-8B4A-11D0-8D11-00A0C91BC942}") = "FilesControl", "Source\FilesControl\FilesControl.vcxproj", "{9C57D707-63B0-4017-9695-178A8219D155}"
EndProject
Project("{8BC9CEB8-8B4A-11D0-8D11-00A0C91BC942}") = "UICore", "Source\UICore\UICore.vcxproj", "{D1B6B4FC-8874-4752-9598-39BD2775CBA6}"
EndProject
Global
	GlobalSection(SolutionConfigurationPlatforms) = preSolution
		ClientDebug|x64 = ClientDebug|x64
		ClientDebug|x86 = ClientDebug|x86
		ClientRelease|x64 = ClientRelease|x64
		ClientRelease|x86 = ClientRelease|x86
		ServerDebug|x64 = ServerDebug|x64
		ServerDebug|x86 = ServerDebug|x86
		ServerRelease|x64 = ServerRelease|x64
		ServerRelease|x86 = ServerRelease|x86
	EndGlobalSection
	GlobalSection(ProjectConfigurationPlatforms) = postSolution
		{7D356427-88A1-47CE-8376-C28EE4840E9D}.ClientDebug|x64.ActiveCfg = ClientDebug|x64
		{7D356427-88A1-47CE-8376-C28EE4840E9D}.ClientDebug|x64.Build.0 = ClientDebug|x64
		{7D356427-88A1-47CE-8376-C28EE4840E9D}.ClientDebug|x86.ActiveCfg = ClientDebug|Win32
		{7D356427-88A1-47CE-8376-C28EE4840E9D}.ClientDebug|x86.Build.0 = ClientDebug|Win32
		{7D356427-88A1-47CE-8376-C28EE4840E9D}.ClientRelease|x64.ActiveCfg = ClientRelease|x64
		{7D356427-88A1-47CE-8376-C28EE4840E9D}.ClientRelease|x64.Build.0 = ClientRelease|x64
		{7D356427-88A1-47CE-8376-C28EE4840E9D}.ClientRelease|x86.ActiveCfg = ClientRelease|Win32
		{7D356427-88A1-47CE-8376-C28EE4840E9D}.ClientRelease|x86.Build.0 = ClientRelease|Win32
		{7D356427-88A1-47CE-8376-C28EE4840E9D}.ServerDebug|x64.ActiveCfg = ServerDebug|x64
		{7D356427-88A1-47CE-8376-C28EE4840E9D}.ServerDebug|x86.ActiveCfg = ServerDebug|Win32
		{7D356427-88A1-47CE-8376-C28EE4840E9D}.ServerDebug|x86.Build.0 = ServerDebug|Win32
		{7D356427-88A1-47CE-8376-C28EE4840E9D}.ServerRelease|x64.ActiveCfg = ServerRelease|x64
		{7D356427-88A1-47CE-8376-C28EE4840E9D}.ServerRelease|x86.ActiveCfg = ServerRelease|Win32
		{7D356427-88A1-47CE-8376-C28EE4840E9D}.ServerRelease|x86.Build.0 = ServerRelease|Win32
		{138DC4B5-BE3D-413C-A4A2-4B3B2194B88D}.ClientDebug|x64.ActiveCfg = ClientDebug|x64
		{138DC4B5-BE3D-413C-A4A2-4B3B2194B88D}.ClientDebug|x64.Build.0 = ClientDebug|x64
		{138DC4B5-BE3D-413C-A4A2-4B3B2194B88D}.ClientDebug|x86.ActiveCfg = ClientDebug|Win32
		{138DC4B5-BE3D-413C-A4A2-4B3B2194B88D}.ClientDebug|x86.Build.0 = ClientDebug|Win32
		{138DC4B5-BE3D-413C-A4A2-4B3B2194B88D}.ClientRelease|x64.ActiveCfg = ClientRelease|x64
		{138DC4B5-BE3D-413C-A4A2-4B3B2194B88D}.ClientRelease|x64.Build.0 = ClientRelease|x64
		{138DC4B5-BE3D-413C-A4A2-4B3B2194B88D}.ClientRelease|x86.ActiveCfg = ClientRelease|Win32
		{138DC4B5-BE3D-413C-A4A2-4B3B2194B88D}.ClientRelease|x86.Build.0 = ClientRelease|Win32
		{138DC4B5-BE3D-413C-A4A2-4B3B2194B88D}.ServerDebug|x64.ActiveCfg = ServerDebug|x64
		{138DC4B5-BE3D-413C-A4A2-4B3B2194B88D}.ServerDebug|x64.Build.0 = ServerDebug|x64
		{138DC4B5-BE3D-413C-A4A2-4B3B2194B88D}.ServerDebug|x86.ActiveCfg = ServerDebug|Win32
		{138DC4B5-BE3D-413C-A4A2-4B3B2194B88D}.ServerDebug|x86.Build.0 = ServerDebug|Win32
		{138DC4B5-BE3D-413C-A4A2-4B3B2194B88D}.ServerRelease|x64.ActiveCfg = ServerRelease|x64
		{138DC4B5-BE3D-413C-A4A2-4B3B2194B88D}.ServerRelease|x64.Build.0 = ServerRelease|x64
		{138DC4B5-BE3D-413C-A4A2-4B3B2194B88D}.ServerRelease|x86.ActiveCfg = ServerRelease|Win32
		{138DC4B5-BE3D-413C-A4A2-4B3B2194B88D}.ServerRelease|x86.Build.0 = ServerRelease|Win32
		{9AD0BA79-ED9E-488F-B305-588F9FAD9171}.ClientDebug|x64.ActiveCfg = ClientDebug|x64
		{9AD0BA79-ED9E-488F-B305-588F9FAD9171}.ClientDebug|x86.ActiveCfg = ClientDebug|Win32
		{9AD0BA79-ED9E-488F-B305-588F9FAD9171}.ClientDebug|x86.Build.0 = ClientDebug|Win32
		{9AD0BA79-ED9E-488F-B305-588F9FAD9171}.ClientRelease|x64.ActiveCfg = ClientRelease|x64
		{9AD0BA79-ED9E-488F-B305-588F9FAD9171}.ClientRelease|x86.ActiveCfg = ClientRelease|Win32
		{9AD0BA79-ED9E-488F-B305-588F9FAD9171}.ClientRelease|x86.Build.0 = ClientRelease|Win32
		{9AD0BA79-ED9E-488F-B305-588F9FAD9171}.ServerDebug|x64.ActiveCfg = ServerDebug|x64
		{9AD0BA79-ED9E-488F-B305-588F9FAD9171}.ServerDebug|x86.ActiveCfg = ServerDebug|Win32
		{9AD0BA79-ED9E-488F-B305-588F9FAD9171}.ServerDebug|x86.Build.0 = ServerDebug|Win32
		{9AD0BA79-ED9E-488F-B305-588F9FAD9171}.ServerRelease|x64.ActiveCfg = ServerRelease|x64
		{9AD0BA79-ED9E-488F-B305-588F9FAD9171}.ServerRelease|x86.ActiveCfg = ServerRelease|Win32
		{9AD0BA79-ED9E-488F-B305-588F9FAD9171}.ServerRelease|x86.Build.0 = ServerRelease|Win32
		{42286939-3F7A-41D9-8F48-053C0E111DA8}.ClientDebug|x64.ActiveCfg = ClientDebug|x64
		{42286939-3F7A-41D9-8F48-053C0E111DA8}.ClientDebug|x86.ActiveCfg = ClientDebug|Win32
		{42286939-3F7A-41D9-8F48-053C0E111DA8}.ClientDebug|x86.Build.0 = ClientDebug|Win32
		{42286939-3F7A-41D9-8F48-053C0E111DA8}.ClientRelease|x64.ActiveCfg = ClientRelease|x64
		{42286939-3F7A-41D9-8F48-053C0E111DA8}.ClientRelease|x86.ActiveCfg = ClientRelease|Win32
		{42286939-3F7A-41D9-8F48-053C0E111DA8}.ClientRelease|x86.Build.0 = ClientRelease|Win32
		{42286939-3F7A-41D9-8F48-053C0E111DA8}.ServerDebug|x64.ActiveCfg = ServerDebug|x64
		{42286939-3F7A-41D9-8F48-053C0E111DA8}.ServerDebug|x64.Build.0 = ServerDebug|x64
		{42286939-3F7A-41D9-8F48-053C0E111DA8}.ServerDebug|x86.ActiveCfg = ServerDebug|Win32
		{42286939-3F7A-41D9-8F48-053C0E111DA8}.ServerDebug|x86.Build.0 = ServerDebug|Win32
		{42286939-3F7A-41D9-8F48-053C0E111DA8}.ServerRelease|x64.ActiveCfg = ServerRelease|x64
		{42286939-3F7A-41D9-8F48-053C0E111DA8}.ServerRelease|x64.Build.0 = ServerRelease|x64
		{42286939-3F7A-41D9-8F48-053C0E111DA8}.ServerRelease|x86.ActiveCfg = ServerRelease|Win32
		{42286939-3F7A-41D9-8F48-053C0E111DA8}.ServerRelease|x86.Build.0 = ServerRelease|Win32
		{0C3226A8-47DC-4BCE-A7A6-0F0509D65B7C}.ClientDebug|x64.ActiveCfg = ClientDebug|x64
		{0C3226A8-47DC-4BCE-A7A6-0F0509D65B7C}.ClientDebug|x64.Build.0 = ClientDebug|x64
		{0C3226A8-47DC-4BCE-A7A6-0F0509D65B7C}.ClientDebug|x86.ActiveCfg = ClientDebug|Win32
		{0C3226A8-47DC-4BCE-A7A6-0F0509D65B7C}.ClientDebug|x86.Build.0 = ClientDebug|Win32
		{0C3226A8-47DC-4BCE-A7A6-0F0509D65B7C}.ClientRelease|x64.ActiveCfg = ClientRelease|x64
		{0C3226A8-47DC-4BCE-A7A6-0F0509D65B7C}.ClientRelease|x64.Build.0 = ClientRelease|x64
		{0C3226A8-47DC-4BCE-A7A6-0F0509D65B7C}.ClientRelease|x86.ActiveCfg = ClientRelease|Win32
		{0C3226A8-47DC-4BCE-A7A6-0F0509D65B7C}.ClientRelease|x86.Build.0 = ClientRelease|Win32
		{0C3226A8-47DC-4BCE-A7A6-0F0509D65B7C}.ServerDebug|x64.ActiveCfg = ServerDebug|x64
		{0C3226A8-47DC-4BCE-A7A6-0F0509D65B7C}.ServerDebug|x64.Build.0 = ServerDebug|x64
		{0C3226A8-47DC-4BCE-A7A6-0F0509D65B7C}.ServerDebug|x86.ActiveCfg = ServerDebug|Win32
		{0C3226A8-47DC-4BCE-A7A6-0F0509D65B7C}.ServerDebug|x86.Build.0 = ServerDebug|Win32
		{0C3226A8-47DC-4BCE-A7A6-0F0509D65B7C}.ServerRelease|x64.ActiveCfg = ServerRelease|x64
		{0C3226A8-47DC-4BCE-A7A6-0F0509D65B7C}.ServerRelease|x64.Build.0 = ServerRelease|x64
		{0C3226A8-47DC-4BCE-A7A6-0F0509D65B7C}.ServerRelease|x86.ActiveCfg = ServerRelease|Win32
		{0C3226A8-47DC-4BCE-A7A6-0F0509D65B7C}.ServerRelease|x86.Build.0 = ServerRelease|Win32
		{857F05F1-DB3C-4175-B33B-14F3F9C567E1}.ClientDebug|x64.ActiveCfg = ClientDebug|x64
		{857F05F1-DB3C-4175-B33B-14F3F9C567E1}.ClientDebug|x86.ActiveCfg = ClientDebug|Win32
		{857F05F1-DB3C-4175-B33B-14F3F9C567E1}.ClientDebug|x86.Build.0 = ClientDebug|Win32
		{857F05F1-DB3C-4175-B33B-14F3F9C567E1}.ClientRelease|x64.ActiveCfg = ClientRelease|x64
		{857F05F1-DB3C-4175-B33B-14F3F9C567E1}.ClientRelease|x86.ActiveCfg = ClientRelease|Win32
		{857F05F1-DB3C-4175-B33B-14F3F9C567E1}.ClientRelease|x86.Build.0 = ClientRelease|Win32
		{857F05F1-DB3C-4175-B33B-14F3F9C567E1}.ServerDebug|x64.ActiveCfg = ServerDebug|x64
		{857F05F1-DB3C-4175-B33B-14F3F9C567E1}.ServerDebug|x86.ActiveCfg = ServerDebug|Win32
		{857F05F1-DB3C-4175-B33B-14F3F9C567E1}.ServerDebug|x86.Build.0 = ServerDebug|Win32
		{857F05F1-DB3C-4175-B33B-14F3F9C567E1}.ServerRelease|x64.ActiveCfg = ServerRelease|x64
		{857F05F1-DB3C-4175-B33B-14F3F9C567E1}.ServerRelease|x86.ActiveCfg = ServerRelease|Win32
		{857F05F1-DB3C-4175-B33B-14F3F9C567E1}.ServerRelease|x86.Build.0 = ServerRelease|Win32
		{9C57D707-63B0-4017-9695-178A8219D155}.ClientDebug|x64.ActiveCfg = ClientDebug|x64
		{9C57D707-63B0-4017-9695-178A8219D155}.ClientDebug|x64.Build.0 = ClientDebug|x64
		{9C57D707-63B0-4017-9695-178A8219D155}.ClientDebug|x86.ActiveCfg = ClientDebug|Win32
		{9C57D707-63B0-4017-9695-178A8219D155}.ClientDebug|x86.Build.0 = ClientDebug|Win32
		{9C57D707-63B0-4017-9695-178A8219D155}.ClientRelease|x64.ActiveCfg = ClientRelease|x64
		{9C57D707-63B0-4017-9695-178A8219D155}.ClientRelease|x64.Build.0 = ClientRelease|x64
		{9C57D707-63B0-4017-9695-178A8219D155}.ClientRelease|x86.ActiveCfg = ClientRelease|Win32
		{9C57D707-63B0-4017-9695-178A8219D155}.ClientRelease|x86.Build.0 = ClientRelease|Win32
		{9C57D707-63B0-4017-9695-178A8219D155}.ServerDebug|x64.ActiveCfg = ServerDebug|x64
		{9C57D707-63B0-4017-9695-178A8219D155}.ServerDebug|x64.Build.0 = ServerDebug|x64
		{9C57D707-63B0-4017-9695-178A8219D155}.ServerDebug|x86.ActiveCfg = ServerDebug|Win32
		{9C57D707-63B0-4017-9695-178A8219D155}.ServerDebug|x86.Build.0 = ServerDebug|Win32
		{9C57D707-63B0-4017-9695-178A8219D155}.ServerRelease|x64.ActiveCfg = ServerRelease|x64
		{9C57D707-63B0-4017-9695-178A8219D155}.ServerRelease|x64.Build.0 = ServerRelease|x64
		{9C57D707-63B0-4017-9695-178A8219D155}.ServerRelease|x86.ActiveCfg = ServerRelease|Win32
		{9C57D707-63B0-4017-9695-178A8219D155}.ServerRelease|x86.Build.0 = ServerRelease|Win32
		{D1B6B4FC-8874-4752-9598-39BD2775CBA6}.ClientDebug|x64.ActiveCfg = ClientDebug|x64
		{D1B6B4FC-8874-4752-9598-39BD2775CBA6}.ClientDebug|x64.Build.0 = ClientDebug|x64
		{D1B6B4FC-8874-4752-9598-39BD2775CBA6}.ClientDebug|x86.ActiveCfg = ClientDebug|Win32
		{D1B6B4FC-8874-4752-9598-39BD2775CBA6}.ClientDebug|x86.Build.0 = ClientDebug|Win32
		{D1B6B4FC-8874-4752-9598-39BD2775CBA6}.ClientRelease|x64.ActiveCfg = ClientRelease|x64
		{D1B6B4FC-8874-4752-9598-39BD2775CBA6}.ClientRelease|x64.Build.0 = ClientRelease|x64
		{D1B6B4FC-8874-4752-9598-39BD2775CBA6}.ClientRelease|x86.ActiveCfg = ClientRelease|Win32
		{D1B6B4FC-8874-4752-9598-39BD2775CBA6}.ClientRelease|x86.Build.0 = ClientRelease|Win32
		{D1B6B4FC-8874-4752-9598-39BD2775CBA6}.ServerDebug|x64.ActiveCfg = ServerDebug|x64
		{D1B6B4FC-8874-4752-9598-39BD2775CBA6}.ServerDebug|x64.Build.0 = ServerDebug|x64
		{D1B6B4FC-8874-4752-9598-39BD2775CBA6}.ServerDebug|x86.ActiveCfg = ServerDebug|Win32
		{D1B6B4FC-8874-4752-9598-39BD2775CBA6}.ServerDebug|x86.Build.0 = ServerDebug|Win32
		{D1B6B4FC-8874-4752-9598-39BD2775CBA6}.ServerRelease|x64.ActiveCfg = ServerRelease|x64
		{D1B6B4FC-8874-4752-9598-39BD2775CBA6}.ServerRelease|x64.Build.0 = ServerRelease|x64
		{D1B6B4FC-8874-4752-9598-39BD2775CBA6}.ServerRelease|x86.ActiveCfg = ServerRelease|Win32
		{D1B6B4FC-8874-4752-9598-39BD2775CBA6}.ServerRelease|x86.Build.0 = ServerRelease|Win32
	EndGlobalSection
	GlobalSection(SolutionProperties) = preSolution
		HideSolutionNode = FALSE
	EndGlobalSection
	GlobalSection(ExtensibilityGlobals) = postSolution
		SolutionGuid = {0FF10EAF-CD91-4C9F-964C-BC2C7A42BC8F}
	EndGlobalSection
EndGlobal
